PODS:
  - Alamofire (4.7.1)
  - EasyDi (1.4.1)
  - GrowingTextView (0.5.0)
  - IQKeyboardManagerSwift (6.1.1)
  - Realm (3.20.0):
    - Realm/Headers (= 3.20.0)
  - Realm/Headers (3.20.0)
  - RealmSwift (3.20.0):
    - Realm (= 3.20.0)
  - Reusable (4.0.2):
    - Reusable/Storyboard (= 4.0.2)
    - Reusable/View (= 4.0.2)
  - Reusable/Storyboard (4.0.2)
  - Reusable/View (4.0.2)
  - RxCocoa (4.5.0):
    - RxSwift (>= 4.4.2, ~> 4.4)
  - RxSwift (4.5.0)
  - SwiftFormat/CLI (0.33.5)
  - SwiftGen (5.3.0)

DEPENDENCIES:
  - Alamofire
  - EasyDi
  - GrowingTextView (= 0.5.0)
  - IQKeyboardManagerSwift
  - RealmSwift (~> 3.20.0)
  - Reusable
  - RxCocoa (= 4.5.0)
  - RxSwift (= 4.5.0)
  - SwiftFormat/CLI
  - SwiftGen

SPEC REPOS:
  https://github.com/CocoaPods/Specs.git:
    - Alamofire
    - EasyDi
    - GrowingTextView
    - IQKeyboardManagerSwift
    - Realm
    - RealmSwift
    - Reusable
    - RxCocoa
    - RxSwift
    - SwiftFormat
    - SwiftGen

SPEC CHECKSUMS:
  Alamofire: 68d7d521118d49c615a8d2214d87cdf525599d30
  EasyDi: 2d345f4d47b98b0054266db6c3a6754d8eaf177c
  GrowingTextView: b99cb33b7ebb30449691d241e970605f5b0f957f
  IQKeyboardManagerSwift: 977affaeb4d6e971975c7790a6850f31d38f1207
  Realm: 8b2ca5bc6479a91f379b6b42b5922e396cd5ba5a
  RealmSwift: 1949ef26a279e1845bd51d591b9103adfcd121df
  Reusable: 584a5629747c52e0f6a77841b400dc2643f6fa0f
  RxCocoa: cbf70265dc65a981d4ac982e513c10cf23df24a0
  RxSwift: f172070dfd1a93d70a9ab97a5a01166206e1c575
  SwiftFormat: 13fd81206cf4453c19f1a5c51768c8c0d9165c30
  SwiftGen: 4379bd3640b0a212a0f6ea3c494adba385513d10

PODFILE CHECKSUM: e385418d603dbcac5190c3c0cca97876751de2e6

COCOAPODS: 1.8.4
